// !$*UTF8*$!
{
	archiveVersion = 1;
	classes = {
	};
	objectVersion = 70;
	objects = {

/* Begin PBXBuildFile section */
		E129AAB62CEFDCB100951F70 /* GameWon.cpp in Sources */ = {isa = PBXBuildFile; fileRef = E129AAB52CEFDCAF00951F70 /* GameWon.cpp */; };
		E129AABA2CEFE00F00951F70 /* GameLost.cpp in Sources */ = {isa = PBXBuildFile; fileRef = E129AAB92CEFE00E00951F70 /* GameLost.cpp */; };
		E13312F82CB0747100715BBC /* Entity.cpp in Sources */ = {isa = PBXBuildFile; fileRef = E13312F72CB0746E00715BBC /* Entity.cpp */; };
		E187B3552CE5C8F900B12589 /* Scene.cpp in Sources */ = {isa = PBXBuildFile; fileRef = E187B3522CE5C8F900B12589 /* Scene.cpp */; };
		E187B3562CE5C8F900B12589 /* Utility.cpp in Sources */ = {isa = PBXBuildFile; fileRef = E187B3542CE5C8F900B12589 /* Utility.cpp */; };
		E187B3572CE5C8F900B12589 /* LevelA.cpp in Sources */ = {isa = PBXBuildFile; fileRef = E187B3502CE5C8F900B12589 /* LevelA.cpp */; };
		E187B35A2CE5C90900B12589 /* Menu.cpp in Sources */ = {isa = PBXBuildFile; fileRef = E187B3592CE5C90900B12589 /* Menu.cpp */; };
		E187B35D2CE5C92400B12589 /* LevelB.cpp in Sources */ = {isa = PBXBuildFile; fileRef = E187B35C2CE5C92400B12589 /* LevelB.cpp */; };
		E187B3812CE9D4F700B12589 /* LevelC.cpp in Sources */ = {isa = PBXBuildFile; fileRef = E187B3802CE9D4F500B12589 /* LevelC.cpp */; };
		E1BA7DD62CD598130061EE03 /* Map.cpp in Sources */ = {isa = PBXBuildFile; fileRef = E1BA7DD12CD598130061EE03 /* Map.cpp */; };
		E1F9743B2C8B8FD30021A367 /* main.cpp in Sources */ = {isa = PBXBuildFile; fileRef = E1F9743A2C8B8FD30021A367 /* main.cpp */; };
		E1F974462C8B90070021A367 /* ShaderProgram.cpp in Sources */ = {isa = PBXBuildFile; fileRef = E1F974442C8B90070021A367 /* ShaderProgram.cpp */; };
		E1F974492C8B907E0021A367 /* OpenGL.framework in Frameworks */ = {isa = PBXBuildFile; fileRef = E1F974482C8B907E0021A367 /* OpenGL.framework */; };
		E1F9744B2C8B90830021A367 /* Cocoa.framework in Frameworks */ = {isa = PBXBuildFile; fileRef = E1F9744A2C8B90830021A367 /* Cocoa.framework */; };
		E1F9744F2C8B90980021A367 /* SDL2_image.framework in Frameworks */ = {isa = PBXBuildFile; fileRef = E1F9744C2C8B90980021A367 /* SDL2_image.framework */; };
		E1F974502C8B90980021A367 /* SDL2_mixer.framework in Frameworks */ = {isa = PBXBuildFile; fileRef = E1F9744D2C8B90980021A367 /* SDL2_mixer.framework */; };
		E1F974512C8B90980021A367 /* SDL2.framework in Frameworks */ = {isa = PBXBuildFile; fileRef = E1F9744E2C8B90980021A367 /* SDL2.framework */; };
		E1F974522C8B90CB0021A367 /* shaders in CopyFiles */ = {isa = PBXBuildFile; fileRef = E1F974432C8B90070021A367 /* shaders */; };
/* End PBXBuildFile section */

/* Begin PBXCopyFilesBuildPhase section */
		E1F974352C8B8FD30021A367 /* CopyFiles */ = {
			isa = PBXCopyFilesBuildPhase;
			buildActionMask = 2147483647;
			dstPath = "";
			dstSubfolderSpec = 6;
			files = (
				E1F974522C8B90CB0021A367 /* shaders in CopyFiles */,
			);
			runOnlyForDeploymentPostprocessing = 1;
		};
/* End PBXCopyFilesBuildPhase section */

/* Begin PBXFileReference section */
		E129AAB42CEFDC9600951F70 /* GameWon.h */ = {isa = PBXFileReference; lastKnownFileType = sourcecode.c.h; path = GameWon.h; sourceTree = "<group>"; };
		E129AAB52CEFDCAF00951F70 /* GameWon.cpp */ = {isa = PBXFileReference; lastKnownFileType = sourcecode.cpp.cpp; path = GameWon.cpp; sourceTree = "<group>"; };
		E129AAB82CEFDFFE00951F70 /* GameLost.h */ = {isa = PBXFileReference; lastKnownFileType = sourcecode.c.h; path = GameLost.h; sourceTree = "<group>"; };
		E129AAB92CEFE00E00951F70 /* GameLost.cpp */ = {isa = PBXFileReference; lastKnownFileType = sourcecode.cpp.cpp; path = GameLost.cpp; sourceTree = "<group>"; };
		E13312F62CB0746000715BBC /* Entity.h */ = {isa = PBXFileReference; lastKnownFileType = sourcecode.c.h; path = Entity.h; sourceTree = "<group>"; };
		E13312F72CB0746E00715BBC /* Entity.cpp */ = {isa = PBXFileReference; lastKnownFileType = sourcecode.cpp.cpp; path = Entity.cpp; sourceTree = "<group>"; };
		E187B34F2CE5C8F900B12589 /* LevelA.h */ = {isa = PBXFileReference; lastKnownFileType = sourcecode.c.h; path = LevelA.h; sourceTree = "<group>"; };
		E187B3502CE5C8F900B12589 /* LevelA.cpp */ = {isa = PBXFileReference; lastKnownFileType = sourcecode.cpp.cpp; path = LevelA.cpp; sourceTree = "<group>"; };
		E187B3512CE5C8F900B12589 /* Scene.h */ = {isa = PBXFileReference; lastKnownFileType = sourcecode.c.h; path = Scene.h; sourceTree = "<group>"; };
		E187B3522CE5C8F900B12589 /* Scene.cpp */ = {isa = PBXFileReference; lastKnownFileType = sourcecode.cpp.cpp; path = Scene.cpp; sourceTree = "<group>"; };
		E187B3532CE5C8F900B12589 /* Utility.h */ = {isa = PBXFileReference; lastKnownFileType = sourcecode.c.h; path = Utility.h; sourceTree = "<group>"; };
		E187B3542CE5C8F900B12589 /* Utility.cpp */ = {isa = PBXFileReference; lastKnownFileType = sourcecode.cpp.cpp; path = Utility.cpp; sourceTree = "<group>"; };
		E187B3582CE5C90900B12589 /* Menu.h */ = {isa = PBXFileReference; lastKnownFileType = sourcecode.c.h; path = Menu.h; sourceTree = "<group>"; };
		E187B3592CE5C90900B12589 /* Menu.cpp */ = {isa = PBXFileReference; lastKnownFileType = sourcecode.cpp.cpp; path = Menu.cpp; sourceTree = "<group>"; };
		E187B35B2CE5C92400B12589 /* LevelB.h */ = {isa = PBXFileReference; lastKnownFileType = sourcecode.c.h; path = LevelB.h; sourceTree = "<group>"; };
		E187B35C2CE5C92400B12589 /* LevelB.cpp */ = {isa = PBXFileReference; lastKnownFileType = sourcecode.cpp.cpp; path = LevelB.cpp; sourceTree = "<group>"; };
		E187B37F2CE9D4E400B12589 /* LevelC.h */ = {isa = PBXFileReference; lastKnownFileType = sourcecode.c.h; path = LevelC.h; sourceTree = "<group>"; };
		E187B3802CE9D4F500B12589 /* LevelC.cpp */ = {isa = PBXFileReference; lastKnownFileType = sourcecode.cpp.cpp; path = LevelC.cpp; sourceTree = "<group>"; };
		E1BA7DD02CD598130061EE03 /* Map.h */ = {isa = PBXFileReference; lastKnownFileType = sourcecode.c.h; path = Map.h; sourceTree = "<group>"; };
		E1BA7DD12CD598130061EE03 /* Map.cpp */ = {isa = PBXFileReference; lastKnownFileType = sourcecode.cpp.cpp; path = Map.cpp; sourceTree = "<group>"; };
		E1F974372C8B8FD30021A367 /* SDLSimple */ = {isa = PBXFileReference; explicitFileType = "compiled.mach-o.executable"; includeInIndex = 0; path = SDLSimple; sourceTree = BUILT_PRODUCTS_DIR; };
		E1F9743A2C8B8FD30021A367 /* main.cpp */ = {isa = PBXFileReference; lastKnownFileType = sourcecode.cpp.cpp; path = main.cpp; sourceTree = "<group>"; };
		E1F974412C8B90070021A367 /* glm */ = {isa = PBXFileReference; lastKnownFileType = folder; path = glm; sourceTree = "<group>"; };
		E1F974422C8B90070021A367 /* ShaderProgram.h */ = {isa = PBXFileReference; fileEncoding = 4; lastKnownFileType = sourcecode.c.h; path = ShaderProgram.h; sourceTree = "<group>"; };
		E1F974432C8B90070021A367 /* shaders */ = {isa = PBXFileReference; lastKnownFileType = folder; path = shaders; sourceTree = "<group>"; };
		E1F974442C8B90070021A367 /* ShaderProgram.cpp */ = {isa = PBXFileReference; fileEncoding = 4; lastKnownFileType = sourcecode.cpp.cpp; path = ShaderProgram.cpp; sourceTree = "<group>"; };
		E1F974452C8B90070021A367 /* stb_image.h */ = {isa = PBXFileReference; fileEncoding = 4; lastKnownFileType = sourcecode.c.h; path = stb_image.h; sourceTree = "<group>"; };
		E1F974482C8B907E0021A367 /* OpenGL.framework */ = {isa = PBXFileReference; lastKnownFileType = wrapper.framework; name = OpenGL.framework; path = System/Library/Frameworks/OpenGL.framework; sourceTree = SDKROOT; };
		E1F9744A2C8B90830021A367 /* Cocoa.framework */ = {isa = PBXFileReference; lastKnownFileType = wrapper.framework; name = Cocoa.framework; path = System/Library/Frameworks/Cocoa.framework; sourceTree = SDKROOT; };
		E1F9744C2C8B90980021A367 /* SDL2_image.framework */ = {isa = PBXFileReference; lastKnownFileType = wrapper.framework; name = SDL2_image.framework; path = ../../../../../../../Library/Frameworks/SDL2_image.framework; sourceTree = "<group>"; };
		E1F9744D2C8B90980021A367 /* SDL2_mixer.framework */ = {isa = PBXFileReference; lastKnownFileType = wrapper.framework; name = SDL2_mixer.framework; path = ../../../../../../../Library/Frameworks/SDL2_mixer.framework; sourceTree = "<group>"; };
		E1F9744E2C8B90980021A367 /* SDL2.framework */ = {isa = PBXFileReference; lastKnownFileType = wrapper.framework; name = SDL2.framework; path = ../../../../../../../Library/Frameworks/SDL2.framework; sourceTree = "<group>"; };
/* End PBXFileReference section */

/* Begin PBXFileSystemSynchronizedRootGroup section */
		E194F8A52CC2E08E003428AE /* assets */ = {isa = PBXFileSystemSynchronizedRootGroup; explicitFileTypes = {}; explicitFolders = (); path = assets; sourceTree = "<group>"; };
/* End PBXFileSystemSynchronizedRootGroup section */

/* Begin PBXFrameworksBuildPhase section */
		E1F974342C8B8FD30021A367 /* Frameworks */ = {
			isa = PBXFrameworksBuildPhase;
			buildActionMask = 2147483647;
			files = (
				E1F9744F2C8B90980021A367 /* SDL2_image.framework in Frameworks */,
				E1F974502C8B90980021A367 /* SDL2_mixer.framework in Frameworks */,
				E1F974512C8B90980021A367 /* SDL2.framework in Frameworks */,
				E1F9744B2C8B90830021A367 /* Cocoa.framework in Frameworks */,
				E1F974492C8B907E0021A367 /* OpenGL.framework in Frameworks */,
			);
			runOnlyForDeploymentPostprocessing = 0;
		};
/* End PBXFrameworksBuildPhase section */

/* Begin PBXGroup section */
		E1F9742E2C8B8FD30021A367 = {
			isa = PBXGroup;
			children = (
				E1F974392C8B8FD30021A367 /* SDLSimple */,
				E1F974382C8B8FD30021A367 /* Products */,
				E1F974472C8B907D0021A367 /* Frameworks */,
			);
			sourceTree = "<group>";
		};
		E1F974382C8B8FD30021A367 /* Products */ = {
			isa = PBXGroup;
			children = (
				E1F974372C8B8FD30021A367 /* SDLSimple */,
			);
			name = Products;
			sourceTree = "<group>";
		};
		E1F974392C8B8FD30021A367 /* SDLSimple */ = {
			isa = PBXGroup;
			children = (
				E129AAB42CEFDC9600951F70 /* GameWon.h */,
				E129AAB52CEFDCAF00951F70 /* GameWon.cpp */,
				E129AAB82CEFDFFE00951F70 /* GameLost.h */,
				E129AAB92CEFE00E00951F70 /* GameLost.cpp */,
				E187B37F2CE9D4E400B12589 /* LevelC.h */,
				E187B3802CE9D4F500B12589 /* LevelC.cpp */,
				E187B35B2CE5C92400B12589 /* LevelB.h */,
				E187B35C2CE5C92400B12589 /* LevelB.cpp */,
				E187B3582CE5C90900B12589 /* Menu.h */,
				E187B3592CE5C90900B12589 /* Menu.cpp */,
				E187B34F2CE5C8F900B12589 /* LevelA.h */,
				E187B3502CE5C8F900B12589 /* LevelA.cpp */,
				E187B3512CE5C8F900B12589 /* Scene.h */,
				E187B3522CE5C8F900B12589 /* Scene.cpp */,
				E187B3532CE5C8F900B12589 /* Utility.h */,
				E187B3542CE5C8F900B12589 /* Utility.cpp */,
				E1BA7DD02CD598130061EE03 /* Map.h */,
				E1BA7DD12CD598130061EE03 /* Map.cpp */,
				E194F8A52CC2E08E003428AE /* assets */,
				E13312F72CB0746E00715BBC /* Entity.cpp */,
				E13312F62CB0746000715BBC /* Entity.h */,
				E1F9743A2C8B8FD30021A367 /* main.cpp */,
				E1F974412C8B90070021A367 /* glm */,
				E1F974442C8B90070021A367 /* ShaderProgram.cpp */,
				E1F974422C8B90070021A367 /* ShaderProgram.h */,
				E1F974432C8B90070021A367 /* shaders */,
				E1F974452C8B90070021A367 /* stb_image.h */,
			);
			path = SDLSimple;
			sourceTree = "<group>";
		};
		E1F974472C8B907D0021A367 /* Frameworks */ = {
			isa = PBXGroup;
			children = (
				E1F9744C2C8B90980021A367 /* SDL2_image.framework */,
				E1F9744D2C8B90980021A367 /* SDL2_mixer.framework */,
				E1F9744E2C8B90980021A367 /* SDL2.framework */,
				E1F9744A2C8B90830021A367 /* Cocoa.framework */,
				E1F974482C8B907E0021A367 /* OpenGL.framework */,
			);
			name = Frameworks;
			sourceTree = "<group>";
		};
/* End PBXGroup section */

/* Begin PBXNativeTarget section */
		E1F974362C8B8FD30021A367 /* SDLSimple */ = {
			isa = PBXNativeTarget;
			buildConfigurationList = E1F9743E2C8B8FD30021A367 /* Build configuration list for PBXNativeTarget "SDLSimple" */;
			buildPhases = (
				E1F974332C8B8FD30021A367 /* Sources */,
				E1F974342C8B8FD30021A367 /* Frameworks */,
				E1F974352C8B8FD30021A367 /* CopyFiles */,
			);
			buildRules = (
			);
			dependencies = (
			);
			fileSystemSynchronizedGroups = (
				E194F8A52CC2E08E003428AE /* assets */,
			);
			name = SDLSimple;
			productName = SDLSimple;
			productReference = E1F974372C8B8FD30021A367 /* SDLSimple */;
			productType = "com.apple.product-type.tool";
		};
/* End PBXNativeTarget section */

/* Begin PBXProject section */
		E1F9742F2C8B8FD30021A367 /* Project object */ = {
			isa = PBXProject;
			attributes = {
				BuildIndependentTargetsInParallel = 1;
				LastUpgradeCheck = 1540;
				TargetAttributes = {
					E1F974362C8B8FD30021A367 = {
						CreatedOnToolsVersion = 15.4;
					};
				};
			};
			buildConfigurationList = E1F974322C8B8FD30021A367 /* Build configuration list for PBXProject "SDLSimple" */;
			compatibilityVersion = "Xcode 14.0";
			developmentRegion = en;
			hasScannedForEncodings = 0;
			knownRegions = (
				en,
				Base,
			);
			mainGroup = E1F9742E2C8B8FD30021A367;
			productRefGroup = E1F974382C8B8FD30021A367 /* Products */;
			projectDirPath = "";
			projectRoot = "";
			targets = (
				E1F974362C8B8FD30021A367 /* SDLSimple */,
			);
		};
/* End PBXProject section */

/* Begin PBXSourcesBuildPhase section */
		E1F974332C8B8FD30021A367 /* Sources */ = {
			isa = PBXSourcesBuildPhase;
			buildActionMask = 2147483647;
			files = (
				E129AABA2CEFE00F00951F70 /* GameLost.cpp in Sources */,
				E129AAB62CEFDCB100951F70 /* GameWon.cpp in Sources */,
				E187B3552CE5C8F900B12589 /* Scene.cpp in Sources */,
				E187B3562CE5C8F900B12589 /* Utility.cpp in Sources */,
				E187B3572CE5C8F900B12589 /* LevelA.cpp in Sources */,
				E1F9743B2C8B8FD30021A367 /* main.cpp in Sources */,
				E187B3812CE9D4F700B12589 /* LevelC.cpp in Sources */,
				E13312F82CB0747100715BBC /* Entity.cpp in Sources */,
				E1BA7DD62CD598130061EE03 /* Map.cpp in Sources */,
				E187B35D2CE5C92400B12589 /* LevelB.cpp in Sources */,
				E187B35A2CE5C90900B12589 /* Menu.cpp in Sources */,
				E1F974462C8B90070021A367 /* ShaderProgram.cpp in Sources */,
			);
			runOnlyForDeploymentPostprocessing = 0;
		};
/* End PBXSourcesBuildPhase section */

/* Begin XCBuildConfiguration section */
		E1F9743C2C8B8FD30021A367 /* Debug */ = {
			isa = XCBuildConfiguration;
			buildSettings = {
				ALWAYS_SEARCH_USER_PATHS = NO;
				ASSETCATALOG_COMPILER_GENERATE_SWIFT_ASSET_SYMBOL_EXTENSIONS = YES;
				CLANG_ANALYZER_NONNULL = YES;
				CLANG_ANALYZER_NUMBER_OBJECT_CONVERSION = YES_AGGRESSIVE;
				CLANG_CXX_LANGUAGE_STANDARD = "gnu++20";
				CLANG_ENABLE_MODULES = YES;
				CLANG_ENABLE_OBJC_ARC = YES;
				CLANG_ENABLE_OBJC_WEAK = YES;
				CLANG_WARN_BLOCK_CAPTURE_AUTORELEASING = YES;
				CLANG_WARN_BOOL_CONVERSION = YES;
				CLANG_WARN_COMMA = YES;
				CLANG_WARN_CONSTANT_CONVERSION = YES;
				CLANG_WARN_DEPRECATED_OBJC_IMPLEMENTATIONS = YES;
				CLANG_WARN_DIRECT_OBJC_ISA_USAGE = YES_ERROR;
				CLANG_WARN_DOCUMENTATION_COMMENTS = YES;
				CLANG_WARN_EMPTY_BODY = YES;
				CLANG_WARN_ENUM_CONVERSION = YES;
				CLANG_WARN_INFINITE_RECURSION = YES;
				CLANG_WARN_INT_CONVERSION = YES;
				CLANG_WARN_NON_LITERAL_NULL_CONVERSION = YES;
				CLANG_WARN_OBJC_IMPLICIT_RETAIN_SELF = YES;
				CLANG_WARN_OBJC_LITERAL_CONVERSION = YES;
				CLANG_WARN_OBJC_ROOT_CLASS = YES_ERROR;
				CLANG_WARN_QUOTED_INCLUDE_IN_FRAMEWORK_HEADER = YES;
				CLANG_WARN_RANGE_LOOP_ANALYSIS = YES;
				CLANG_WARN_STRICT_PROTOTYPES = YES;
				CLANG_WARN_SUSPICIOUS_MOVE = YES;
				CLANG_WARN_UNGUARDED_AVAILABILITY = YES_AGGRESSIVE;
				CLANG_WARN_UNREACHABLE_CODE = YES;
				CLANG_WARN__DUPLICATE_METHOD_MATCH = YES;
				COPY_PHASE_STRIP = NO;
				DEBUG_INFORMATION_FORMAT = dwarf;
				ENABLE_STRICT_OBJC_MSGSEND = YES;
				ENABLE_TESTABILITY = YES;
				ENABLE_USER_SCRIPT_SANDBOXING = YES;
				GCC_C_LANGUAGE_STANDARD = gnu17;
				GCC_DYNAMIC_NO_PIC = NO;
				GCC_NO_COMMON_BLOCKS = YES;
				GCC_OPTIMIZATION_LEVEL = 0;
				GCC_PREPROCESSOR_DEFINITIONS = (
					"DEBUG=1",
					"$(inherited)",
				);
				GCC_WARN_64_TO_32_BIT_CONVERSION = YES;
				GCC_WARN_ABOUT_RETURN_TYPE = YES_ERROR;
				GCC_WARN_UNDECLARED_SELECTOR = YES;
				GCC_WARN_UNINITIALIZED_AUTOS = YES_AGGRESSIVE;
				GCC_WARN_UNUSED_FUNCTION = YES;
				GCC_WARN_UNUSED_VARIABLE = YES;
				LOCALIZATION_PREFERS_STRING_CATALOGS = YES;
				MACOSX_DEPLOYMENT_TARGET = 14.5;
				MTL_ENABLE_DEBUG_INFO = INCLUDE_SOURCE;
				MTL_FAST_MATH = YES;
				ONLY_ACTIVE_ARCH = YES;
				SDKROOT = macosx;
			};
			name = Debug;
		};
		E1F9743D2C8B8FD30021A367 /* Release */ = {
			isa = XCBuildConfiguration;
			buildSettings = {
				ALWAYS_SEARCH_USER_PATHS = NO;
				ASSETCATALOG_COMPILER_GENERATE_SWIFT_ASSET_SYMBOL_EXTENSIONS = YES;
				CLANG_ANALYZER_NONNULL = YES;
				CLANG_ANALYZER_NUMBER_OBJECT_CONVERSION = YES_AGGRESSIVE;
				CLANG_CXX_LANGUAGE_STANDARD = "gnu++20";
				CLANG_ENABLE_MODULES = YES;
				CLANG_ENABLE_OBJC_ARC = YES;
				CLANG_ENABLE_OBJC_WEAK = YES;
				CLANG_WARN_BLOCK_CAPTURE_AUTORELEASING = YES;
				CLANG_WARN_BOOL_CONVERSION = YES;
				CLANG_WARN_COMMA = YES;
				CLANG_WARN_CONSTANT_CONVERSION = YES;
				CLANG_WARN_DEPRECATED_OBJC_IMPLEMENTATIONS = YES;
				CLANG_WARN_DIRECT_OBJC_ISA_USAGE = YES_ERROR;
				CLANG_WARN_DOCUMENTATION_COMMENTS = YES;
				CLANG_WARN_EMPTY_BODY = YES;
				CLANG_WARN_ENUM_CONVERSION = YES;
				CLANG_WARN_INFINITE_RECURSION = YES;
				CLANG_WARN_INT_CONVERSION = YES;
				CLANG_WARN_NON_LITERAL_NULL_CONVERSION = YES;
				CLANG_WARN_OBJC_IMPLICIT_RETAIN_SELF = YES;
				CLANG_WARN_OBJC_LITERAL_CONVERSION = YES;
				CLANG_WARN_OBJC_ROOT_CLASS = YES_ERROR;
				CLANG_WARN_QUOTED_INCLUDE_IN_FRAMEWORK_HEADER = YES;
				CLANG_WARN_RANGE_LOOP_ANALYSIS = YES;
				CLANG_WARN_STRICT_PROTOTYPES = YES;
				CLANG_WARN_SUSPICIOUS_MOVE = YES;
				CLANG_WARN_UNGUARDED_AVAILABILITY = YES_AGGRESSIVE;
				CLANG_WARN_UNREACHABLE_CODE = YES;
				CLANG_WARN__DUPLICATE_METHOD_MATCH = YES;
				COPY_PHASE_STRIP = NO;
				DEBUG_INFORMATION_FORMAT = "dwarf-with-dsym";
				ENABLE_NS_ASSERTIONS = NO;
				ENABLE_STRICT_OBJC_MSGSEND = YES;
				ENABLE_USER_SCRIPT_SANDBOXING = YES;
				GCC_C_LANGUAGE_STANDARD = gnu17;
				GCC_NO_COMMON_BLOCKS = YES;
				GCC_WARN_64_TO_32_BIT_CONVERSION = YES;
				GCC_WARN_ABOUT_RETURN_TYPE = YES_ERROR;
				GCC_WARN_UNDECLARED_SELECTOR = YES;
				GCC_WARN_UNINITIALIZED_AUTOS = YES_AGGRESSIVE;
				GCC_WARN_UNUSED_FUNCTION = YES;
				GCC_WARN_UNUSED_VARIABLE = YES;
				LOCALIZATION_PREFERS_STRING_CATALOGS = YES;
				MACOSX_DEPLOYMENT_TARGET = 14.5;
				MTL_ENABLE_DEBUG_INFO = NO;
				MTL_FAST_MATH = YES;
				SDKROOT = macosx;
			};
			name = Release;
		};
		E1F9743F2C8B8FD30021A367 /* Debug */ = {
			isa = XCBuildConfiguration;
			buildSettings = {
				CODE_SIGN_STYLE = Automatic;
				EXCLUDED_ARCHS = arm64;
				FRAMEWORK_SEARCH_PATHS = (
					"$(inherited)",
					"$(LOCAL_LIBRARY_DIR)/Frameworks",
				);
				HEADER_SEARCH_PATHS = (
					/Library/Frameworks/SDL2_image.framework/Versions/A/Headers,
					/Library/Frameworks/SDL2.framework/Versions/A/Headers,
					/Library/Frameworks/SDL2_mixer.framework/Versions/A/Headers,
				);
				MACOSX_DEPLOYMENT_TARGET = 11.3;
				PRODUCT_NAME = "$(TARGET_NAME)";
			};
			name = Debug;
		};
		E1F974402C8B8FD30021A367 /* Release */ = {
			isa = XCBuildConfiguration;
			buildSettings = {
				CODE_SIGN_STYLE = Automatic;
				EXCLUDED_ARCHS = arm64;
				FRAMEWORK_SEARCH_PATHS = (
					"$(inherited)",
					"$(LOCAL_LIBRARY_DIR)/Frameworks",
				);
				HEADER_SEARCH_PATHS = (
					/Library/Frameworks/SDL2_image.framework/Versions/A/Headers,
					/Library/Frameworks/SDL2.framework/Versions/A/Headers,
					/Library/Frameworks/SDL2_mixer.framework/Versions/A/Headers,
				);
				MACOSX_DEPLOYMENT_TARGET = 11.3;
				PRODUCT_NAME = "$(TARGET_NAME)";
			};
			name = Release;
		};
/* End XCBuildConfiguration section */

/* Begin XCConfigurationList section */
		E1F974322C8B8FD30021A367 /* Build configuration list for PBXProject "SDLSimple" */ = {
			isa = XCConfigurationList;
			buildConfigurations = (
				E1F9743C2C8B8FD30021A367 /* Debug */,
				E1F9743D2C8B8FD30021A367 /* Release */,
			);
			defaultConfigurationIsVisible = 0;
			defaultConfigurationName = Release;
		};
		E1F9743E2C8B8FD30021A367 /* Build configuration list for PBXNativeTarget "SDLSimple" */ = {
			isa = XCConfigurationList;
			buildConfigurations = (
				E1F9743F2C8B8FD30021A367 /* Debug */,
				E1F974402C8B8FD30021A367 /* Release */,
			);
			defaultConfigurationIsVisible = 0;
			defaultConfigurationName = Release;
		};
/* End XCConfigurationList section */
	};
	rootObject = E1F9742F2C8B8FD30021A367 /* Project object */;
}
